
Microsoft Visual Studio Solution File, Format Version 12.00
# Visual Studio Version 17
VisualStudioVersion = 17.3.32804.467
MinimumVisualStudioVersion = 10.0.40219.1
Project("{FAE04EC0-301F-11D3-BF4B-00C04F79EFBC}") = "WebBook", "WebBook.csproj", "{0133F79C-1155-4428-B54C-3E1A4E4F2430}"
EndProject
Project("{FAE04EC0-301F-11D3-BF4B-00C04F79EFBC}") = "Domain", "..\Domain\Domain.csproj", "{089C9820-56F1-4406-B00F-F8F35E9DFBB5}"
EndProject
Project("{FAE04EC0-301F-11D3-BF4B-00C04F79EFBC}") = "Infrastructure", "..\Infrastructure\Infrastructure.csproj", "{6FB72E7C-23DC-4D4A-AFAC-2EF55406A08E}"
EndProject
Global
	GlobalSection(SolutionConfigurationPlatforms) = preSolution
		Debug|Any CPU = Debug|Any CPU
		Release|Any CPU = Release|Any CPU
	EndGlobalSection
	GlobalSection(ProjectConfigurationPlatforms) = postSolution
		{0133F79C-1155-4428-B54C-3E1A4E4F2430}.Debug|Any CPU.ActiveCfg = Debug|Any CPU
		{0133F79C-1155-4428-B54C-3E1A4E4F2430}.Debug|Any CPU.Build.0 = Debug|Any CPU
		{0133F79C-1155-4428-B54C-3E1A4E4F2430}.Release|Any CPU.ActiveCfg = Release|Any CPU
		{0133F79C-1155-4428-B54C-3E1A4E4F2430}.Release|Any CPU.Build.0 = Release|Any CPU
		{089C9820-56F1-4406-B00F-F8F35E9DFBB5}.Debug|Any CPU.ActiveCfg = Debug|Any CPU
		{089C9820-56F1-4406-B00F-F8F35E9DFBB5}.Debug|Any CPU.Build.0 = Debug|Any CPU
		{089C9820-56F1-4406-B00F-F8F35E9DFBB5}.Release|Any CPU.ActiveCfg = Release|Any CPU
		{089C9820-56F1-4406-B00F-F8F35E9DFBB5}.Release|Any CPU.Build.0 = Release|Any CPU
		{6FB72E7C-23DC-4D4A-AFAC-2EF55406A08E}.Debug|Any CPU.ActiveCfg = Debug|Any CPU
		{6FB72E7C-23DC-4D4A-AFAC-2EF55406A08E}.Debug|Any CPU.Build.0 = Debug|Any CPU
		{6FB72E7C-23DC-4D4A-AFAC-2EF55406A08E}.Release|Any CPU.ActiveCfg = Release|Any CPU
		{6FB72E7C-23DC-4D4A-AFAC-2EF55406A08E}.Release|Any CPU.Build.0 = Release|Any CPU
	EndGlobalSection
	GlobalSection(SolutionProperties) = preSolution
		HideSolutionNode = FALSE
	EndGlobalSection
	GlobalSection(ExtensibilityGlobals) = postSolution
		SolutionGuid = {AE78A49D-CA69-4A51-8C9C-AECE312D4262}
	EndGlobalSection
EndGlobal
